
Microsoft Visual Studio Solution File, Format Version 12.00
# Visual Studio 2013
VisualStudioVersion = 12.0.31101.0
MinimumVisualStudioVersion = 10.0.40219.1
Project("{FAE04EC0-301F-11D3-BF4B-00C04F79EFBC}") = "Effortless.Net.Encryption.Tests.Unit", "Effortless.Net.Encryption.Tests.Unit\Effortless.Net.Encryption.Tests.Unit\Effortless.Net.Encryption.Tests.Unit.csproj", "{1942BD07-7044-4BC4-BA0B-4F88DF529C5B}"
EndProject
Project("{FAE04EC0-301F-11D3-BF4B-00C04F79EFBC}") = "Effortless.Net.Encryption", "Effortless.Net.Encryption.csproj", "{ECADC722-EE08-401F-BF42-368F79ED4DEF}"
EndProject
Global
	GlobalSection(SolutionConfigurationPlatforms) = preSolution
		Debug|Any CPU = Debug|Any CPU
		Release|Any CPU = Release|Any CPU
	EndGlobalSection
	GlobalSection(ProjectConfigurationPlatforms) = postSolution
		{1942BD07-7044-4BC4-BA0B-4F88DF529C5B}.Debug|Any CPU.ActiveCfg = Debug|Any CPU
		{1942BD07-7044-4BC4-BA0B-4F88DF529C5B}.Debug|Any CPU.Build.0 = Debug|Any CPU
		{1942BD07-7044-4BC4-BA0B-4F88DF529C5B}.Release|Any CPU.ActiveCfg = Release|Any CPU
		{1942BD07-7044-4BC4-BA0B-4F88DF529C5B}.Release|Any CPU.Build.0 = Release|Any CPU
		{ECADC722-EE08-401F-BF42-368F79ED4DEF}.Debug|Any CPU.ActiveCfg = Debug|Any CPU
		{ECADC722-EE08-401F-BF42-368F79ED4DEF}.Debug|Any CPU.Build.0 = Debug|Any CPU
		{ECADC722-EE08-401F-BF42-368F79ED4DEF}.Release|Any CPU.ActiveCfg = Release|Any CPU
		{ECADC722-EE08-401F-BF42-368F79ED4DEF}.Release|Any CPU.Build.0 = Release|Any CPU
	EndGlobalSection
	GlobalSection(SolutionProperties) = preSolution
		HideSolutionNode = FALSE
	EndGlobalSection
EndGlobal
